
Microsoft Visual Studio Solution File, Format Version 11.00
# Visual Studio 2010
# SharpDevelop 5.1
Project("{FAE04EC0-301F-11D3-BF4B-00C04F79EFBC}") = "MessageBox_tp", "MessageBox_tp\MessageBox_tp.csproj", "{BB80E2F7-568D-4116-BD6F-45E604728557}"
EndProject
Global
	GlobalSection(SolutionConfigurationPlatforms) = preSolution
		Debug|Any CPU = Debug|Any CPU
		Release|Any CPU = Release|Any CPU
	EndGlobalSection
	GlobalSection(ProjectConfigurationPlatforms) = postSolution
		{BB80E2F7-568D-4116-BD6F-45E604728557}.Debug|Any CPU.ActiveCfg = Debug|Any CPU
		{BB80E2F7-568D-4116-BD6F-45E604728557}.Debug|Any CPU.Build.0 = Debug|Any CPU
		{BB80E2F7-568D-4116-BD6F-45E604728557}.Release|Any CPU.ActiveCfg = Release|Any CPU
		{BB80E2F7-568D-4116-BD6F-45E604728557}.Release|Any CPU.Build.0 = Release|Any CPU
	EndGlobalSection
EndGlobal
